// !$*UTF8*$!
{
	archiveVersion = 1;
	classes = {
	};
	objectVersion = 46;
	objects = {

/* Begin PBXBuildFile section */
		219F5B1B1D58B07300C44559 /* main.m in Sources */ = {isa = PBXBuildFile; fileRef = 219F5B1A1D58B07300C44559 /* main.m */; };
		219F5B1E1D58B07300C44559 /* AppDelegate.m in Sources */ = {isa = PBXBuildFile; fileRef = 219F5B1D1D58B07300C44559 /* AppDelegate.m */; };
		219F5B211D58B07300C44559 /* ViewController.m in Sources */ = {isa = PBXBuildFile; fileRef = 219F5B201D58B07300C44559 /* ViewController.m */; };
		219F5B241D58B07300C44559 /* Main.storyboard in Resources */ = {isa = PBXBuildFile; fileRef = 219F5B221D58B07300C44559 /* Main.storyboard */; };
		219F5B271D58B07300C44559 /* TestView.xcdatamodeld in Sources */ = {isa = PBXBuildFile; fileRef = 219F5B251D58B07300C44559 /* TestView.xcdatamodeld */; };
		219F5B291D58B07300C44559 /* Assets.xcassets in Resources */ = {isa = PBXBuildFile; fileRef = 219F5B281D58B07300C44559 /* Assets.xcassets */; };
		219F5B2C1D58B07300C44559 /* LaunchScreen.storyboard in Resources */ = {isa = PBXBuildFile; fileRef = 219F5B2A1D58B07300C44559 /* LaunchScreen.storyboard */; };
		219F5B371D58B07300C44559 /* TestViewTests.m in Sources */ = {isa = PBXBuildFile; fileRef = 219F5B361D58B07300C44559 /* TestViewTests.m */; };
		219F5B421D58B07300C44559 /* TestViewUITests.m in Sources */ = {isa = PBXBuildFile; fileRef = 219F5B411D58B07300C44559 /* TestViewUITests.m */; };
/* End PBXBuildFile section */

/* Begin PBXContainerItemProxy section */
		219F5B331D58B07300C44559 /* PBXContainerItemProxy */ = {
			isa = PBXContainerItemProxy;
			containerPortal = 219F5B0E1D58B07300C44559 /* Project object */;
			proxyType = 1;
			remoteGlobalIDString = 219F5B151D58B07300C44559;
			remoteInfo = TestView;
		};
		219F5B3E1D58B07300C44559 /* PBXContainerItemProxy */ = {
			isa = PBXContainerItemProxy;
			containerPortal = 219F5B0E1D58B07300C44559 /* Project object */;
			proxyType = 1;
			remoteGlobalIDString = 219F5B151D58B07300C44559;
			remoteInfo = TestView;
		};
/* End PBXContainerItemProxy section */

/* Begin PBXFileReference section */
		219F5B161D58B07300C44559 /* TestView.app */ = {isa = PBXFileReference; explicitFileType = wrapper.application; includeInIndex = 0; path = TestView.app; sourceTree = BUILT_PRODUCTS_DIR; };
		219F5B1A1D58B07300C44559 /* main.m */ = {isa = PBXFileReference; lastKnownFileType = sourcecode.c.objc; path = main.m; sourceTree = "<group>"; };
		219F5B1C1D58B07300C44559 /* AppDelegate.h */ = {isa = PBXFileReference; lastKnownFileType = sourcecode.c.h; path = AppDelegate.h; sourceTree = "<group>"; };
		219F5B1D1D58B07300C44559 /* AppDelegate.m */ = {isa = PBXFileReference; lastKnownFileType = sourcecode.c.objc; path = AppDelegate.m; sourceTree = "<group>"; };
		219F5B1F1D58B07300C44559 /* ViewController.h */ = {isa = PBXFileReference; lastKnownFileType = sourcecode.c.h; path = ViewController.h; sourceTree = "<group>"; };
		219F5B201D58B07300C44559 /* ViewController.m */ = {isa = PBXFileReference; lastKnownFileType = sourcecode.c.objc; path = ViewController.m; sourceTree = "<group>"; };
		219F5B231D58B07300C44559 /* Base */ = {isa = PBXFileReference; lastKnownFileType = file.storyboard; name = Base; path = Base.lproj/Main.storyboard; sourceTree = "<group>"; };
		219F5B261D58B07300C44559 /* TestView.xcdatamodel */ = {isa = PBXFileReference; lastKnownFileType = wrapper.xcdatamodel; path = TestView.xcdatamodel; sourceTree = "<group>"; };
		219F5B281D58B07300C44559 /* Assets.xcassets */ = {isa = PBXFileReference; lastKnownFileType = folder.assetcatalog; path = Assets.xcassets; sourceTree = "<group>"; };
		219F5B2B1D58B07300C44559 /* Base */ = {isa = PBXFileReference; lastKnownFileType = file.storyboard; name = Base; path = Base.lproj/LaunchScreen.storyboard; sourceTree = "<group>"; };
		219F5B2D1D58B07300C44559 /* Info.plist */ = {isa = PBXFileReference; lastKnownFileType = text.plist.xml; path = Info.plist; sourceTree = "<group>"; };
		219F5B321D58B07300C44559 /* TestViewTests.xctest */ = {isa = PBXFileReference; explicitFileType = wrapper.cfbundle; includeInIndex = 0; path = TestViewTests.xctest; sourceTree = BUILT_PRODUCTS_DIR; };
		219F5B361D58B07300C44559 /* TestViewTests.m */ = {isa = PBXFileReference; lastKnownFileType = sourcecode.c.objc; path = TestViewTests.m; sourceTree = "<group>"; };
		219F5B381D58B07300C44559 /* Info.plist */ = {isa = PBXFileReference; lastKnownFileType = text.plist.xml; path = Info.plist; sourceTree = "<group>"; };
		219F5B3D1D58B07300C44559 /* TestViewUITests.xctest */ = {isa = PBXFileReference; explicitFileType = wrapper.cfbundle; includeInIndex = 0; path = TestViewUITests.xctest; sourceTree = BUILT_PRODUCTS_DIR; };
		219F5B411D58B07300C44559 /* TestViewUITests.m */ = {isa = PBXFileReference; lastKnownFileType = sourcecode.c.objc; path = TestViewUITests.m; sourceTree = "<group>"; };
		219F5B431D58B07300C44559 /* Info.plist */ = {isa = PBXFileReference; lastKnownFileType = text.plist.xml; path = Info.plist; sourceTree = "<group>"; };
/* End PBXFileReference section */

/* Begin PBXFrameworksBuildPhase section */
		219F5B131D58B07300C44559 /* Frameworks */ = {
			isa = PBXFrameworksBuildPhase;
			buildActionMask = 2147483647;
			files = (
			);
			runOnlyForDeploymentPostprocessing = 0;
		};
		219F5B2F1D58B07300C44559 /* Frameworks */ = {
			isa = PBXFrameworksBuildPhase;
			buildActionMask = 2147483647;
			files = (
			);
			runOnlyForDeploymentPostprocessing = 0;
		};
		219F5B3A1D58B07300C44559 /* Frameworks */ = {
			isa = PBXFrameworksBuildPhase;
			buildActionMask = 2147483647;
			files = (
			);
			runOnlyForDeploymentPostprocessing = 0;
		};
/* End PBXFrameworksBuildPhase section */

/* Begin PBXGroup section */
		219F5B0D1D58B07300C44559 = {
			isa = PBXGroup;
			children = (
				219F5B181D58B07300C44559 /* TestView */,
				219F5B351D58B07300C44559 /* TestViewTests */,
				219F5B401D58B07300C44559 /* TestViewUITests */,
				219F5B171D58B07300C44559 /* Products */,
			);
			sourceTree = "<group>";
		};
		219F5B171D58B07300C44559 /* Products */ = {
			isa = PBXGroup;
			children = (
				219F5B161D58B07300C44559 /* TestView.app */,
				219F5B321D58B07300C44559 /* TestViewTests.xctest */,
				219F5B3D1D58B07300C44559 /* TestViewUITests.xctest */,
			);
			name = Products;
			sourceTree = "<group>";
		};
		219F5B181D58B07300C44559 /* TestView */ = {
			isa = PBXGroup;
			children = (
				219F5B1C1D58B07300C44559 /* AppDelegate.h */,
				219F5B1D1D58B07300C44559 /* AppDelegate.m */,
				219F5B1F1D58B07300C44559 /* ViewController.h */,
				219F5B201D58B07300C44559 /* ViewController.m */,
				219F5B221D58B07300C44559 /* Main.storyboard */,
				219F5B281D58B07300C44559 /* Assets.xcassets */,
				219F5B2A1D58B07300C44559 /* LaunchScreen.storyboard */,
				219F5B2D1D58B07300C44559 /* Info.plist */,
				219F5B251D58B07300C44559 /* TestView.xcdatamodeld */,
				219F5B191D58B07300C44559 /* Supporting Files */,
			);
			path = TestView;
			sourceTree = "<group>";
		};
		219F5B191D58B07300C44559 /* Supporting Files */ = {
			isa = PBXGroup;
			children = (
				219F5B1A1D58B07300C44559 /* main.m */,
			);
			name = "Supporting Files";
			sourceTree = "<group>";
		};
		219F5B351D58B07300C44559 /* TestViewTests */ = {
			isa = PBXGroup;
			children = (
				219F5B361D58B07300C44559 /* TestViewTests.m */,
				219F5B381D58B07300C44559 /* Info.plist */,
			);
			path = TestViewTests;
			sourceTree = "<group>";
		};
		219F5B401D58B07300C44559 /* TestViewUITests */ = {
			isa = PBXGroup;
			children = (
				219F5B411D58B07300C44559 /* TestViewUITests.m */,
				219F5B431D58B07300C44559 /* Info.plist */,
			);
			path = TestViewUITests;
			sourceTree = "<group>";
		};
/* End PBXGroup section */

/* Begin PBXNativeTarget section */
		219F5B151D58B07300C44559 /* TestView */ = {
			isa = PBXNativeTarget;
			buildConfigurationList = 219F5B461D58B07300C44559 /* Build configuration list for PBXNativeTarget "TestView" */;
			buildPhases = (
				219F5B121D58B07300C44559 /* Sources */,
				219F5B131D58B07300C44559 /* Frameworks */,
				219F5B141D58B07300C44559 /* Resources */,
			);
			buildRules = (
			);
			dependencies = (
			);
			name = TestView;
			productName = TestView;
			productReference = 219F5B161D58B07300C44559 /* TestView.app */;
			productType = "com.apple.product-type.application";
		};
		219F5B311D58B07300C44559 /* TestViewTests */ = {
			isa = PBXNativeTarget;
			buildConfigurationList = 219F5B491D58B07300C44559 /* Build configuration list for PBXNativeTarget "TestViewTests" */;
			buildPhases = (
				219F5B2E1D58B07300C44559 /* Sources */,
				219F5B2F1D58B07300C44559 /* Frameworks */,
				219F5B301D58B07300C44559 /* Resources */,
			);
			buildRules = (
			);
			dependencies = (
				219F5B341D58B07300C44559 /* PBXTargetDependency */,
			);
			name = TestViewTests;
			productName = TestViewTests;
			productReference = 219F5B321D58B07300C44559 /* TestViewTests.xctest */;
			productType = "com.apple.product-type.bundle.unit-test";
		};
		219F5B3C1D58B07300C44559 /* TestViewUITests */ = {
			isa = PBXNativeTarget;
			buildConfigurationList = 219F5B4C1D58B07300C44559 /* Build configuration list for PBXNativeTarget "TestViewUITests" */;
			buildPhases = (
				219F5B391D58B07300C44559 /* Sources */,
				219F5B3A1D58B07300C44559 /* Frameworks */,
				219F5B3B1D58B07300C44559 /* Resources */,
			);
			buildRules = (
			);
			dependencies = (
				219F5B3F1D58B07300C44559 /* PBXTargetDependency */,
			);
			name = TestViewUITests;
			productName = TestViewUITests;
			productReference = 219F5B3D1D58B07300C44559 /* TestViewUITests.xctest */;
			productType = "com.apple.product-type.bundle.ui-testing";
		};
/* End PBXNativeTarget section */

/* Begin PBXProject section */
		219F5B0E1D58B07300C44559 /* Project object */ = {
			isa = PBXProject;
			attributes = {
				LastUpgradeCheck = 0730;
				ORGANIZATIONNAME = lanore;
				TargetAttributes = {
					219F5B151D58B07300C44559 = {
						CreatedOnToolsVersion = 7.3.1;
						DevelopmentTeam = 6CDX4C57A8;
					};
					219F5B311D58B07300C44559 = {
						CreatedOnToolsVersion = 7.3.1;
						TestTargetID = 219F5B151D58B07300C44559;
					};
					219F5B3C1D58B07300C44559 = {
						CreatedOnToolsVersion = 7.3.1;
						TestTargetID = 219F5B151D58B07300C44559;
					};
				};
			};
			buildConfigurationList = 219F5B111D58B07300C44559 /* Build configuration list for PBXProject "TestView" */;
			compatibilityVersion = "Xcode 3.2";
			developmentRegion = English;
			hasScannedForEncodings = 0;
			knownRegions = (
				en,
				Base,
			);
			mainGroup = 219F5B0D1D58B07300C44559;
			productRefGroup = 219F5B171D58B07300C44559 /* Products */;
			projectDirPath = "";
			projectRoot = "";
			targets = (
				219F5B151D58B07300C44559 /* TestView */,
				219F5B311D58B07300C44559 /* TestViewTests */,
				219F5B3C1D58B07300C44559 /* TestViewUITests */,
			);
		};
/* End PBXProject section */

/* Begin PBXResourcesBuildPhase section */
		219F5B141D58B07300C44559 /* Resources */ = {
			isa = PBXResourcesBuildPhase;
			buildActionMask = 2147483647;
			files = (
				219F5B2C1D58B07300C44559 /* LaunchScreen.storyboard in Resources */,
				219F5B291D58B07300C44559 /* Assets.xcassets in Resources */,
				219F5B241D58B07300C44559 /* Main.storyboard in Resources */,
			);
			runOnlyForDeploymentPostprocessing = 0;
		};
		219F5B301D58B07300C44559 /* Resources */ = {
			isa = PBXResourcesBuildPhase;
			buildActionMask = 2147483647;
			files = (
			);
			runOnlyForDeploymentPostprocessing = 0;
		};
		219F5B3B1D58B07300C44559 /* Resources */ = {
			isa = PBXResourcesBuildPhase;
			buildActionMask = 2147483647;
			files = (
			);
			runOnlyForDeploymentPostprocessing = 0;
		};
/* End PBXResourcesBuildPhase section */

/* Begin PBXSourcesBuildPhase section */
		219F5B121D58B07300C44559 /* Sources */ = {
			isa = PBXSourcesBuildPhase;
			buildActionMask = 2147483647;
			files = (
				219F5B271D58B07300C44559 /* TestView.xcdatamodeld in Sources */,
				219F5B211D58B07300C44559 /* ViewController.m in Sources */,
				219F5B1E1D58B07300C44559 /* AppDelegate.m in Sources */,
				219F5B1B1D58B07300C44559 /* main.m in Sources */,
			);
			runOnlyForDeploymentPostprocessing = 0;
		};
		219F5B2E1D58B07300C44559 /* Sources */ = {
			isa = PBXSourcesBuildPhase;
			buildActionMask = 2147483647;
			files = (
				219F5B371D58B07300C44559 /* TestViewTests.m in Sources */,
			);
			runOnlyForDeploymentPostprocessing = 0;
		};
		219F5B391D58B07300C44559 /* Sources */ = {
			isa = PBXSourcesBuildPhase;
			buildActionMask = 2147483647;
			files = (
				219F5B421D58B07300C44559 /* TestViewUITests.m in Sources */,
			);
			runOnlyForDeploymentPostprocessing = 0;
		};
/* End PBXSourcesBuildPhase section */

/* Begin PBXTargetDependency section */
		219F5B341D58B07300C44559 /* PBXTargetDependency */ = {
			isa = PBXTargetDependency;
			target = 219F5B151D58B07300C44559 /* TestView */;
			targetProxy = 219F5B331D58B07300C44559 /* PBXContainerItemProxy */;
		};
		219F5B3F1D58B07300C44559 /* PBXTargetDependency */ = {
			isa = PBXTargetDependency;
			target = 219F5B151D58B07300C44559 /* TestView */;
			targetProxy = 219F5B3E1D58B07300C44559 /* PBXContainerItemProxy */;
		};
/* End PBXTargetDependency section */

/* Begin PBXVariantGroup section */
		219F5B221D58B07300C44559 /* Main.storyboard */ = {
			isa = PBXVariantGroup;
			children = (
				219F5B231D58B07300C44559 /* Base */,
			);
			name = Main.storyboard;
			sourceTree = "<group>";
		};
		219F5B2A1D58B07300C44559 /* LaunchScreen.storyboard */ = {
			isa = PBXVariantGroup;
			children = (
				219F5B2B1D58B07300C44559 /* Base */,
			);
			name = LaunchScreen.storyboard;
			sourceTree = "<group>";
		};
/* End PBXVariantGroup section */

/* Begin XCBuildConfiguration section */
		219F5B441D58B07300C44559 /* Debug */ = {
			isa = XCBuildConfiguration;
			buildSettings = {
				ALWAYS_SEARCH_USER_PATHS = NO;
				CLANG_ANALYZER_NONNULL = YES;
				CLANG_CXX_LANGUAGE_STANDARD = "gnu++0x";
				CLANG_CXX_LIBRARY = "libc++";
				CLANG_ENABLE_MODULES = YES;
				CLANG_ENABLE_OBJC_ARC = YES;
				CLANG_WARN_BOOL_CONVERSION = YES;
				CLANG_WARN_CONSTANT_CONVERSION = YES;
				CLANG_WARN_DIRECT_OBJC_ISA_USAGE = YES_ERROR;
				CLANG_WARN_EMPTY_BODY = YES;
				CLANG_WARN_ENUM_CONVERSION = YES;
				CLANG_WARN_INT_CONVERSION = YES;
				CLANG_WARN_OBJC_ROOT_CLASS = YES_ERROR;
				CLANG_WARN_UNREACHABLE_CODE = YES;
				CLANG_WARN__DUPLICATE_METHOD_MATCH = YES;
				"CODE_SIGN_IDENTITY[sdk=iphoneos*]" = "iPhone Developer";
				COPY_PHASE_STRIP = NO;
				DEBUG_INFORMATION_FORMAT = dwarf;
				ENABLE_STRICT_OBJC_MSGSEND = YES;
				ENABLE_TESTABILITY = YES;
				GCC_C_LANGUAGE_STANDARD = gnu99;
				GCC_DYNAMIC_NO_PIC = NO;
				GCC_NO_COMMON_BLOCKS = YES;
				GCC_OPTIMIZATION_LEVEL = 0;
				GCC_PREPROCESSOR_DEFINITIONS = (
					"DEBUG=1",
					"$(inherited)",
				);
				GCC_WARN_64_TO_32_BIT_CONVERSION = YES;
				GCC_WARN_ABOUT_RETURN_TYPE = YES_ERROR;
				GCC_WARN_UNDECLARED_SELECTOR = YES;
				GCC_WARN_UNINITIALIZED_AUTOS = YES_AGGRESSIVE;
				GCC_WARN_UNUSED_FUNCTION = YES;
				GCC_WARN_UNUSED_VARIABLE = YES;
				IPHONEOS_DEPLOYMENT_TARGET = 9.3;
				MTL_ENABLE_DEBUG_INFO = YES;
				ONLY_ACTIVE_ARCH = YES;
				SDKROOT = iphoneos;
				TARGETED_DEVICE_FAMILY = "1,2";
			};
			name = Debug;
		};
		219F5B451D58B07300C44559 /* Release */ = {
			isa = XCBuildConfiguration;
			buildSettings = {
				ALWAYS_SEARCH_USER_PATHS = NO;
				CLANG_ANALYZER_NONNULL = YES;
				CLANG_CXX_LANGUAGE_STANDARD = "gnu++0x";
				CLANG_CXX_LIBRARY = "libc++";
				CLANG_ENABLE_MODULES = YES;
				CLANG_ENABLE_OBJC_ARC = YES;
				CLANG_WARN_BOOL_CONVERSION = YES;
				CLANG_WARN_CONSTANT_CONVERSION = YES;
				CLANG_WARN_DIRECT_OBJC_ISA_USAGE = YES_ERROR;
				CLANG_WARN_EMPTY_BODY = YES;
				CLANG_WARN_ENUM_CONVERSION = YES;
				CLANG_WARN_INT_CONVERSION = YES;
				CLANG_WARN_OBJC_ROOT_CLASS = YES_ERROR;
				CLANG_WARN_UNREACHABLE_CODE = YES;
				CLANG_WARN__DUPLICATE_METHOD_MATCH = YES;
				"CODE_SIGN_IDENTITY[sdk=iphoneos*]" = "iPhone Developer";
				COPY_PHASE_STRIP = NO;
				DEBUG_INFORMATION_FORMAT = "dwarf-with-dsym";
				ENABLE_NS_ASSERTIONS = NO;
				ENABLE_STRICT_OBJC_MSGSEND = YES;
				GCC_C_LANGUAGE_STANDARD = gnu99;
				GCC_NO_COMMON_BLOCKS = YES;
				GCC_WARN_64_TO_32_BIT_CONVERSION = YES;
				GCC_WARN_ABOUT_RETURN_TYPE = YES_ERROR;
				GCC_WARN_UNDECLARED_SELECTOR = YES;
				GCC_WARN_UNINITIALIZED_AUTOS = YES_AGGRESSIVE;
				GCC_WARN_UNUSED_FUNCTION = YES;
				GCC_WARN_UNUSED_VARIABLE = YES;
				IPHONEOS_DEPLOYMENT_TARGET = 9.3;
				MTL_ENABLE_DEBUG_INFO = NO;
				SDKROOT = iphoneos;
				TARGETED_DEVICE_FAMILY = "1,2";
				VALIDATE_PRODUCT = YES;
			};
			name = Release;
		};
		219F5B471D58B07300C44559 /* Debug */ = {
			isa = XCBuildConfiguration;
			buildSettings = {
				ASSETCATALOG_COMPILER_APPICON_NAME = AppIcon;
				CODE_SIGN_IDENTITY = "iPhone Developer";
				INFOPLIST_FILE = TestView/Info.plist;
				LD_RUNPATH_SEARCH_PATHS = "$(inherited) @executable_path/Frameworks";
				PRODUCT_BUNDLE_IDENTIFIER = com.lanore.TestView;
				PRODUCT_NAME = "$(TARGET_NAME)";
			};
			name = Debug;
		};
		219F5B481D58B07300C44559 /* Release */ = {
			isa = XCBuildConfiguration;
			buildSettings = {
				ASSETCATALOG_COMPILER_APPICON_NAME = AppIcon;
				CODE_SIGN_IDENTITY = "iPhone Developer";
				INFOPLIST_FILE = TestView/Info.plist;
				LD_RUNPATH_SEARCH_PATHS = "$(inherited) @executable_path/Frameworks";
				PRODUCT_BUNDLE_IDENTIFIER = com.lanore.TestView;
				PRODUCT_NAME = "$(TARGET_NAME)";
			};
			name = Release;
		};
		219F5B4A1D58B07300C44559 /* Debug */ = {
			isa = XCBuildConfiguration;
			buildSettings = {
				BUNDLE_LOADER = "$(TEST_HOST)";
				INFOPLIST_FILE = TestViewTests/Info.plist;
				LD_RUNPATH_SEARCH_PATHS = "$(inherited) @executable_path/Frameworks @loader_path/Frameworks";
				PRODUCT_BUNDLE_IDENTIFIER = com.lanore.TestViewTests;
				PRODUCT_NAME = "$(TARGET_NAME)";
				TEST_HOST = "$(BUILT_PRODUCTS_DIR)/TestView.app/TestView";
			};
			name = Debug;
		};
		219F5B4B1D58B07300C44559 /* Release */ = {
			isa = XCBuildConfiguration;
			buildSettings = {
				BUNDLE_LOADER = "$(TEST_HOST)";
				INFOPLIST_FILE = TestViewTests/Info.plist;
				LD_RUNPATH_SEARCH_PATHS = "$(inherited) @executable_path/Frameworks @loader_path/Frameworks";
				PRODUCT_BUNDLE_IDENTIFIER = com.lanore.TestViewTests;
				PRODUCT_NAME = "$(TARGET_NAME)";
				TEST_HOST = "$(BUILT_PRODUCTS_DIR)/TestView.app/TestView";
			};
			name = Release;
		};
		219F5B4D1D58B07300C44559 /* Debug */ = {
			isa = XCBuildConfiguration;
			buildSettings = {
				INFOPLIST_FILE = TestViewUITests/Info.plist;
				LD_RUNPATH_SEARCH_PATHS = "$(inherited) @executable_path/Frameworks @loader_path/Frameworks";
				PRODUCT_BUNDLE_IDENTIFIER = com.lanore.TestViewUITests;
				PRODUCT_NAME = "$(TARGET_NAME)";
				TEST_TARGET_NAME = TestView;
			};
			name = Debug;
		};
		219F5B4E1D58B07300C44559 /* Release */ = {
			isa = XCBuildConfiguration;
			buildSettings = {
				INFOPLIST_FILE = TestViewUITests/Info.plist;
				LD_RUNPATH_SEARCH_PATHS = "$(inherited) @executable_path/Frameworks @loader_path/Frameworks";
				PRODUCT_BUNDLE_IDENTIFIER = com.lanore.TestViewUITests;
				PRODUCT_NAME = "$(TARGET_NAME)";
				TEST_TARGET_NAME = TestView;
			};
			name = Release;
		};
/* End XCBuildConfiguration section */

/* Begin XCConfigurationList section */
		219F5B111D58B07300C44559 /* Build configuration list for PBXProject "TestView" */ = {
			isa = XCConfigurationList;
			buildConfigurations = (
				219F5B441D58B07300C44559 /* Debug */,
				219F5B451D58B07300C44559 /* Release */,
			);
			defaultConfigurationIsVisible = 0;
			defaultConfigurationName = Release;
		};
		219F5B461D58B07300C44559 /* Build configuration list for PBXNativeTarget "TestView" */ = {
			isa = XCConfigurationList;
			buildConfigurations = (
				219F5B471D58B07300C44559 /* Debug */,
				219F5B481D58B07300C44559 /* Release */,
			);
			defaultConfigurationIsVisible = 0;
		};
		219F5B491D58B07300C44559 /* Build configuration list for PBXNativeTarget "TestViewTests" */ = {
			isa = XCConfigurationList;
			buildConfigurations = (
				219F5B4A1D58B07300C44559 /* Debug */,
				219F5B4B1D58B07300C44559 /* Release */,
			);
			defaultConfigurationIsVisible = 0;
		};
		219F5B4C1D58B07300C44559 /* Build configuration list for PBXNativeTarget "TestViewUITests" */ = {
			isa = XCConfigurationList;
			buildConfigurations = (
				219F5B4D1D58B07300C44559 /* Debug */,
				219F5B4E1D58B07300C44559 /* Release */,
			);
			defaultConfigurationIsVisible = 0;
		};
/* End XCConfigurationList section */

/* Begin XCVersionGroup section */
		219F5B251D58B07300C44559 /* TestView.xcdatamodeld */ = {
			isa = XCVersionGroup;
			children = (
				219F5B261D58B07300C44559 /* TestView.xcdatamodel */,
			);
			currentVersion = 219F5B261D58B07300C44559 /* TestView.xcdatamodel */;
			path = TestView.xcdatamodeld;
			sourceTree = "<group>";
			versionGroupType = wrapper.xcdatamodel;
		};
/* End XCVersionGroup section */
	};
	rootObject = 219F5B0E1D58B07300C44559 /* Project object */;
}
